
Microsoft Visual Studio Solution File, Format Version 12.00
# Visual Studio Version 17
VisualStudioVersion = 17.14.36301.6 d17.14
MinimumVisualStudioVersion = 10.0.40219.1
Project("{FAE04EC0-301F-11D3-BF4B-00C04F79EFBC}") = "QuickGridDemo", "QuickGridDemo\QuickGridDemo.csproj", "{9FF8FBDF-2599-EE22-9320-C58AB1EE5B18}"
EndProject
Global
	GlobalSection(SolutionConfigurationPlatforms) = preSolution
		Debug|Any CPU = Debug|Any CPU
		Release|Any CPU = Release|Any CPU
	EndGlobalSection
	GlobalSection(ProjectConfigurationPlatforms) = postSolution
		{9FF8FBDF-2599-EE22-9320-C58AB1EE5B18}.Debug|Any CPU.ActiveCfg = Debug|Any CPU
		{9FF8FBDF-2599-EE22-9320-C58AB1EE5B18}.Debug|Any CPU.Build.0 = Debug|Any CPU
		{9FF8FBDF-2599-EE22-9320-C58AB1EE5B18}.Release|Any CPU.ActiveCfg = Release|Any CPU
		{9FF8FBDF-2599-EE22-9320-C58AB1EE5B18}.Release|Any CPU.Build.0 = Release|Any CPU
	EndGlobalSection
	GlobalSection(SolutionProperties) = preSolution
		HideSolutionNode = FALSE
	EndGlobalSection
	GlobalSection(ExtensibilityGlobals) = postSolution
		SolutionGuid = {A695DC60-0731-4CE1-AF4F-FB1531E04FE6}
	EndGlobalSection
EndGlobal
